
Microsoft Visual Studio Solution File, Format Version 12.00
# Visual Studio Version 17
VisualStudioVersion = 17.11.35222.181
MinimumVisualStudioVersion = 10.0.40219.1
Project("{FAE04EC0-301F-11D3-BF4B-00C04F79EFBC}") = "ch05", "ch05\ch05.csproj", "{4686DC46-3F4A-4481-9B5A-3060C3949400}"
EndProject
Global
	GlobalSection(SolutionConfigurationPlatforms) = preSolution
		Debug|Any CPU = Debug|Any CPU
		Release|Any CPU = Release|Any CPU
	EndGlobalSection
	GlobalSection(ProjectConfigurationPlatforms) = postSolution
		{4686DC46-3F4A-4481-9B5A-3060C3949400}.Debug|Any CPU.ActiveCfg = Debug|Any CPU
		{4686DC46-3F4A-4481-9B5A-3060C3949400}.Debug|Any CPU.Build.0 = Debug|Any CPU
		{4686DC46-3F4A-4481-9B5A-3060C3949400}.Release|Any CPU.ActiveCfg = Release|Any CPU
		{4686DC46-3F4A-4481-9B5A-3060C3949400}.Release|Any CPU.Build.0 = Release|Any CPU
	EndGlobalSection
	GlobalSection(SolutionProperties) = preSolution
		HideSolutionNode = FALSE
	EndGlobalSection
	GlobalSection(ExtensibilityGlobals) = postSolution
		SolutionGuid = {4115EAC4-C4CF-452B-8A62-7DBE832AAE7E}
	EndGlobalSection
EndGlobal
