
Microsoft Visual Studio Solution File, Format Version 12.00
# Visual Studio Version 17
VisualStudioVersion = 17.11.35222.181
MinimumVisualStudioVersion = 10.0.40219.1
Project("{FAE04EC0-301F-11D3-BF4B-00C04F79EFBC}") = "ch07", "ch07\ch07.csproj", "{E49EBAC1-1075-4CF0-AE75-9F3AC4468ADC}"
EndProject
Global
	GlobalSection(SolutionConfigurationPlatforms) = preSolution
		Debug|Any CPU = Debug|Any CPU
		Release|Any CPU = Release|Any CPU
	EndGlobalSection
	GlobalSection(ProjectConfigurationPlatforms) = postSolution
		{E49EBAC1-1075-4CF0-AE75-9F3AC4468ADC}.Debug|Any CPU.ActiveCfg = Debug|Any CPU
		{E49EBAC1-1075-4CF0-AE75-9F3AC4468ADC}.Debug|Any CPU.Build.0 = Debug|Any CPU
		{E49EBAC1-1075-4CF0-AE75-9F3AC4468ADC}.Release|Any CPU.ActiveCfg = Release|Any CPU
		{E49EBAC1-1075-4CF0-AE75-9F3AC4468ADC}.Release|Any CPU.Build.0 = Release|Any CPU
	EndGlobalSection
	GlobalSection(SolutionProperties) = preSolution
		HideSolutionNode = FALSE
	EndGlobalSection
	GlobalSection(ExtensibilityGlobals) = postSolution
		SolutionGuid = {6C27557F-2266-41AA-9D0F-625A3397693D}
	EndGlobalSection
EndGlobal
